# Generated by Dagger. Pins the images and git refs this workspace uses.
# Any Dagger command may update this file; always commit it with your changes.
# Run `dagger lock update` to refresh the pinned versions.
[["version","2"]]
["","git-latest",["github.com/dagger/dang-sdk"],"refs/tags/v1.0.1"]
["","git-latest",["github.com/dagger/sdk-helpers",["version","v1"]],"refs/tags/v1.0.5"]
["","git-sha",["github.com/dagger/dang-sdk","refs/tags/v1.0.1"],"6dde4a9ca2cb598bf281ba36778d2428ad53aa48"]
["","git-sha",["github.com/dagger/sdk-helpers","refs/tags/v1.0.5"],"2d593321b19e3519584b1bbd6e77d83b2be9de2f"]
["","git-sha",["github.com/vito/editor","artifacts-targets"],"5d64d39f294df77fd61ed3185c4c33f89ce34307"]
["","oci-sha",["docker.io/library/alpine:3.22"],"sha256:5291449c3df73caf6ed85e649dec1b9e818b39a5d8c871e97afc13e9cd5e8fa8"]
["","oci-sha",["mcr.microsoft.com/playwright:v1.58.2-noble"],"sha256:6446946a1d9fd62d9ae501312a2d76a43ee688542b21622056a372959b65d63d"]
["","vanity-url",["https://dagger.io/sdk/dang"],"https://github.com/dagger/dang-sdk"]
["","vanity-url",["https://dagger.io/sdk/helpers"],"https://github.com/dagger/sdk-helpers"]