# Generated by Dagger. Pins the images and git refs this workspace uses.
# Any Dagger command may update this file; always commit it with your changes.
# Run `dagger update` to refresh the pinned versions.
[["version","2"]]
["","git-latest",["https://github.com/vito/editor"],"refs/heads/main"]
["","git-sha",["https://github.com/vito/editor","refs/heads/main"],"f27ffcef3dd65bfe3f764af6c29e98f821dc8a81"]